
Microsoft Visual Studio Solution File, Format Version 12.00
# Visual Studio 2013
VisualStudioVersion = 12.0.21005.1
MinimumVisualStudioVersion = 10.0.40219.1
Project("{FAE04EC0-301F-11D3-BF4B-00C04F79EFBC}") = "Web", "Web\Web.csproj", "{EF4E2F19-CDA0-442D-8A13-58E4282CEF74}"
EndProject
Project("{FAE04EC0-301F-11D3-BF4B-00C04F79EFBC}") = "DAL", "DAL\DAL.csproj", "{DCA8F27B-90D4-4032-B060-2286CDA37773}"
EndProject
Project("{FAE04EC0-301F-11D3-BF4B-00C04F79EFBC}") = "BLL", "BLL\BLL.csproj", "{7A905098-7364-4478-88FC-30CD4D4E6D62}"
EndProject
Global
	GlobalSection(SolutionConfigurationPlatforms) = preSolution
		Debug|Any CPU = Debug|Any CPU
		Release|Any CPU = Release|Any CPU
	EndGlobalSection
	GlobalSection(ProjectConfigurationPlatforms) = postSolution
		{EF4E2F19-CDA0-442D-8A13-58E4282CEF74}.Debug|Any CPU.ActiveCfg = Debug|Any CPU
		{EF4E2F19-CDA0-442D-8A13-58E4282CEF74}.Debug|Any CPU.Build.0 = Debug|Any CPU
		{EF4E2F19-CDA0-442D-8A13-58E4282CEF74}.Release|Any CPU.ActiveCfg = Release|Any CPU
		{EF4E2F19-CDA0-442D-8A13-58E4282CEF74}.Release|Any CPU.Build.0 = Release|Any CPU
		{DCA8F27B-90D4-4032-B060-2286CDA37773}.Debug|Any CPU.ActiveCfg = Debug|Any CPU
		{DCA8F27B-90D4-4032-B060-2286CDA37773}.Debug|Any CPU.Build.0 = Debug|Any CPU
		{DCA8F27B-90D4-4032-B060-2286CDA37773}.Release|Any CPU.ActiveCfg = Release|Any CPU
		{DCA8F27B-90D4-4032-B060-2286CDA37773}.Release|Any CPU.Build.0 = Release|Any CPU
		{7A905098-7364-4478-88FC-30CD4D4E6D62}.Debug|Any CPU.ActiveCfg = Debug|Any CPU
		{7A905098-7364-4478-88FC-30CD4D4E6D62}.Debug|Any CPU.Build.0 = Debug|Any CPU
		{7A905098-7364-4478-88FC-30CD4D4E6D62}.Release|Any CPU.ActiveCfg = Release|Any CPU
		{7A905098-7364-4478-88FC-30CD4D4E6D62}.Release|Any CPU.Build.0 = Release|Any CPU
	EndGlobalSection
	GlobalSection(SolutionProperties) = preSolution
		HideSolutionNode = FALSE
	EndGlobalSection
EndGlobal
